
Microsoft Visual Studio Solution File, Format Version 12.00
# Visual Studio 15
VisualStudioVersion = 15.0.28307.421
MinimumVisualStudioVersion = 10.0.40219.1
Project("{FAE04EC0-301F-11D3-BF4B-00C04F79EFBC}") = "work1", "work1\work1.csproj", "{1442D4E7-0FD2-494E-8555-D4BCF15F90E0}"
EndProject
Global
	GlobalSection(SolutionConfigurationPlatforms) = preSolution
		Debug|Any CPU = Debug|Any CPU
		Release|Any CPU = Release|Any CPU
	EndGlobalSection
	GlobalSection(ProjectConfigurationPlatforms) = postSolution
		{1442D4E7-0FD2-494E-8555-D4BCF15F90E0}.Debug|Any CPU.ActiveCfg = Debug|Any CPU
		{1442D4E7-0FD2-494E-8555-D4BCF15F90E0}.Debug|Any CPU.Build.0 = Debug|Any CPU
		{1442D4E7-0FD2-494E-8555-D4BCF15F90E0}.Release|Any CPU.ActiveCfg = Release|Any CPU
		{1442D4E7-0FD2-494E-8555-D4BCF15F90E0}.Release|Any CPU.Build.0 = Release|Any CPU
	EndGlobalSection
	GlobalSection(SolutionProperties) = preSolution
		HideSolutionNode = FALSE
	EndGlobalSection
	GlobalSection(ExtensibilityGlobals) = postSolution
		SolutionGuid = {F823C2CC-3E21-49DB-940A-1F3400E80C1B}
	EndGlobalSection
EndGlobal
