
Microsoft Visual Studio Solution File, Format Version 12.00
# Visual Studio 15
VisualStudioVersion = 15.0.28307.421
MinimumVisualStudioVersion = 10.0.40219.1
Project("{FAE04EC0-301F-11D3-BF4B-00C04F79EFBC}") = "homework", "homework\homework.csproj", "{1ED1DCF7-13A3-4B2D-9A1D-7233A0E0168C}"
EndProject
Global
	GlobalSection(SolutionConfigurationPlatforms) = preSolution
		Debug|Any CPU = Debug|Any CPU
		Release|Any CPU = Release|Any CPU
	EndGlobalSection
	GlobalSection(ProjectConfigurationPlatforms) = postSolution
		{1ED1DCF7-13A3-4B2D-9A1D-7233A0E0168C}.Debug|Any CPU.ActiveCfg = Debug|Any CPU
		{1ED1DCF7-13A3-4B2D-9A1D-7233A0E0168C}.Debug|Any CPU.Build.0 = Debug|Any CPU
		{1ED1DCF7-13A3-4B2D-9A1D-7233A0E0168C}.Release|Any CPU.ActiveCfg = Release|Any CPU
		{1ED1DCF7-13A3-4B2D-9A1D-7233A0E0168C}.Release|Any CPU.Build.0 = Release|Any CPU
	EndGlobalSection
	GlobalSection(SolutionProperties) = preSolution
		HideSolutionNode = FALSE
	EndGlobalSection
	GlobalSection(ExtensibilityGlobals) = postSolution
		SolutionGuid = {E5E5D119-0AF0-40CE-ABBA-60B4F7760BB5}
	EndGlobalSection
EndGlobal
