
Microsoft Visual Studio Solution File, Format Version 12.00
# Visual Studio 15
VisualStudioVersion = 15.0.28307.421
MinimumVisualStudioVersion = 10.0.40219.1
Project("{FAE04EC0-301F-11D3-BF4B-00C04F79EFBC}") = "SumofEven", "class4Homework\SumofEven.csproj", "{A22F885F-D8F6-44D9-9BE7-DF30FC03B30F}"
EndProject
Project("{FAE04EC0-301F-11D3-BF4B-00C04F79EFBC}") = "ArrayHomework", "ConsoleApp1\ArrayHomework.csproj", "{0E9A0A11-2D53-40FD-9B3B-5E67E6E8D0A9}"
EndProject
Project("{FAE04EC0-301F-11D3-BF4B-00C04F79EFBC}") = "AgeCalculator", "ConsoleApp2\AgeCalculator.csproj", "{C8DE0F45-AD5F-4E40-86C7-D86E6AF5C2E5}"
EndProject
Global
	GlobalSection(SolutionConfigurationPlatforms) = preSolution
		Debug|Any CPU = Debug|Any CPU
		Release|Any CPU = Release|Any CPU
	EndGlobalSection
	GlobalSection(ProjectConfigurationPlatforms) = postSolution
		{A22F885F-D8F6-44D9-9BE7-DF30FC03B30F}.Debug|Any CPU.ActiveCfg = Debug|Any CPU
		{A22F885F-D8F6-44D9-9BE7-DF30FC03B30F}.Debug|Any CPU.Build.0 = Debug|Any CPU
		{A22F885F-D8F6-44D9-9BE7-DF30FC03B30F}.Release|Any CPU.ActiveCfg = Release|Any CPU
		{A22F885F-D8F6-44D9-9BE7-DF30FC03B30F}.Release|Any CPU.Build.0 = Release|Any CPU
		{0E9A0A11-2D53-40FD-9B3B-5E67E6E8D0A9}.Debug|Any CPU.ActiveCfg = Debug|Any CPU
		{0E9A0A11-2D53-40FD-9B3B-5E67E6E8D0A9}.Debug|Any CPU.Build.0 = Debug|Any CPU
		{0E9A0A11-2D53-40FD-9B3B-5E67E6E8D0A9}.Release|Any CPU.ActiveCfg = Release|Any CPU
		{0E9A0A11-2D53-40FD-9B3B-5E67E6E8D0A9}.Release|Any CPU.Build.0 = Release|Any CPU
		{C8DE0F45-AD5F-4E40-86C7-D86E6AF5C2E5}.Debug|Any CPU.ActiveCfg = Debug|Any CPU
		{C8DE0F45-AD5F-4E40-86C7-D86E6AF5C2E5}.Debug|Any CPU.Build.0 = Debug|Any CPU
		{C8DE0F45-AD5F-4E40-86C7-D86E6AF5C2E5}.Release|Any CPU.ActiveCfg = Release|Any CPU
		{C8DE0F45-AD5F-4E40-86C7-D86E6AF5C2E5}.Release|Any CPU.Build.0 = Release|Any CPU
	EndGlobalSection
	GlobalSection(SolutionProperties) = preSolution
		HideSolutionNode = FALSE
	EndGlobalSection
	GlobalSection(ExtensibilityGlobals) = postSolution
		SolutionGuid = {0982442C-DD6E-46E3-A58F-A175F62DD372}
	EndGlobalSection
EndGlobal
